
Microsoft Visual Studio Solution File, Format Version 12.00
# Visual Studio 2013
VisualStudioVersion = 12.0.40629.0
MinimumVisualStudioVersion = 10.0.40219.1
Project("{FAE04EC0-301F-11D3-BF4B-00C04F79EFBC}") = "PRI.Messaging.Patterns", "PRI.Messaging.Patterns\PRI.Messaging.Patterns.csproj", "{57C7BDFE-9AA5-4BFE-9B29-5B7AE2E2EBD0}"
EndProject
Project("{FAE04EC0-301F-11D3-BF4B-00C04F79EFBC}") = "Tests", "Tests\Tests.csproj", "{57D442C6-676F-4B08-8D88-F9F96E57B594}"
EndProject
Global
	GlobalSection(SolutionConfigurationPlatforms) = preSolution
		Debug|Any CPU = Debug|Any CPU
		Release|Any CPU = Release|Any CPU
	EndGlobalSection
	GlobalSection(ProjectConfigurationPlatforms) = postSolution
		{57C7BDFE-9AA5-4BFE-9B29-5B7AE2E2EBD0}.Debug|Any CPU.ActiveCfg = Debug|Any CPU
		{57C7BDFE-9AA5-4BFE-9B29-5B7AE2E2EBD0}.Debug|Any CPU.Build.0 = Debug|Any CPU
		{57C7BDFE-9AA5-4BFE-9B29-5B7AE2E2EBD0}.Release|Any CPU.ActiveCfg = Release|Any CPU
		{57C7BDFE-9AA5-4BFE-9B29-5B7AE2E2EBD0}.Release|Any CPU.Build.0 = Release|Any CPU
		{57D442C6-676F-4B08-8D88-F9F96E57B594}.Debug|Any CPU.ActiveCfg = Debug|Any CPU
		{57D442C6-676F-4B08-8D88-F9F96E57B594}.Debug|Any CPU.Build.0 = Debug|Any CPU
		{57D442C6-676F-4B08-8D88-F9F96E57B594}.Release|Any CPU.ActiveCfg = Release|Any CPU
		{57D442C6-676F-4B08-8D88-F9F96E57B594}.Release|Any CPU.Build.0 = Release|Any CPU
	EndGlobalSection
	GlobalSection(SolutionProperties) = preSolution
		HideSolutionNode = FALSE
	EndGlobalSection
EndGlobal
